
Microsoft Visual Studio Solution File, Format Version 12.00
# Visual Studio Version 17
VisualStudioVersion = 17.6.33829.357
MinimumVisualStudioVersion = 10.0.40219.1
Project("{FAE04EC0-301F-11D3-BF4B-00C04F79EFBC}") = "Library Management System", "Library Management System.csproj", "{7593368F-995F-4A04-876E-63096D32721C}"
EndProject
Global
	GlobalSection(SolutionConfigurationPlatforms) = preSolution
		Debug|Any CPU = Debug|Any CPU
		Release|Any CPU = Release|Any CPU
	EndGlobalSection
	GlobalSection(ProjectConfigurationPlatforms) = postSolution
		{7593368F-995F-4A04-876E-63096D32721C}.Debug|Any CPU.ActiveCfg = Debug|Any CPU
		{7593368F-995F-4A04-876E-63096D32721C}.Debug|Any CPU.Build.0 = Debug|Any CPU
		{7593368F-995F-4A04-876E-63096D32721C}.Release|Any CPU.ActiveCfg = Release|Any CPU
		{7593368F-995F-4A04-876E-63096D32721C}.Release|Any CPU.Build.0 = Release|Any CPU
	EndGlobalSection
	GlobalSection(SolutionProperties) = preSolution
		HideSolutionNode = FALSE
	EndGlobalSection
	GlobalSection(ExtensibilityGlobals) = postSolution
		SolutionGuid = {EC19ABFB-9A93-4C0C-A60D-FEBD6CB56225}
	EndGlobalSection
EndGlobal
